
Microsoft Visual Studio Solution File, Format Version 12.00
# Visual Studio Version 16
VisualStudioVersion = 16.0.29509.3
MinimumVisualStudioVersion = 10.0.40219.1
Project("{FAE04EC0-301F-11D3-BF4B-00C04F79EFBC}") = "ConsoleAppCars", "ConsoleAppCars.csproj", "{D5F31725-F783-445F-942B-10D79C9E8770}"
EndProject
Global
	GlobalSection(SolutionConfigurationPlatforms) = preSolution
		Debug|Any CPU = Debug|Any CPU
		Release|Any CPU = Release|Any CPU
	EndGlobalSection
	GlobalSection(ProjectConfigurationPlatforms) = postSolution
		{D5F31725-F783-445F-942B-10D79C9E8770}.Debug|Any CPU.ActiveCfg = Debug|Any CPU
		{D5F31725-F783-445F-942B-10D79C9E8770}.Debug|Any CPU.Build.0 = Debug|Any CPU
		{D5F31725-F783-445F-942B-10D79C9E8770}.Release|Any CPU.ActiveCfg = Release|Any CPU
		{D5F31725-F783-445F-942B-10D79C9E8770}.Release|Any CPU.Build.0 = Release|Any CPU
	EndGlobalSection
	GlobalSection(SolutionProperties) = preSolution
		HideSolutionNode = FALSE
	EndGlobalSection
	GlobalSection(ExtensibilityGlobals) = postSolution
		SolutionGuid = {16EFD3A6-C620-432B-B105-F0F63EB60FF8}
	EndGlobalSection
EndGlobal
