
Microsoft Visual Studio Solution File, Format Version 12.00
# Visual Studio Version 16
VisualStudioVersion = 16.0.29509.3
MinimumVisualStudioVersion = 10.0.40219.1
Project("{FAE04EC0-301F-11D3-BF4B-00C04F79EFBC}") = "ConsoleAppIEnumerableExtension", "ConsoleAppIEnumerableExtension.csproj", "{86DB0105-5556-412D-9285-2602BF788FA8}"
EndProject
Global
	GlobalSection(SolutionConfigurationPlatforms) = preSolution
		Debug|Any CPU = Debug|Any CPU
		Release|Any CPU = Release|Any CPU
	EndGlobalSection
	GlobalSection(ProjectConfigurationPlatforms) = postSolution
		{86DB0105-5556-412D-9285-2602BF788FA8}.Debug|Any CPU.ActiveCfg = Debug|Any CPU
		{86DB0105-5556-412D-9285-2602BF788FA8}.Debug|Any CPU.Build.0 = Debug|Any CPU
		{86DB0105-5556-412D-9285-2602BF788FA8}.Release|Any CPU.ActiveCfg = Release|Any CPU
		{86DB0105-5556-412D-9285-2602BF788FA8}.Release|Any CPU.Build.0 = Release|Any CPU
	EndGlobalSection
	GlobalSection(SolutionProperties) = preSolution
		HideSolutionNode = FALSE
	EndGlobalSection
	GlobalSection(ExtensibilityGlobals) = postSolution
		SolutionGuid = {19C6AC85-43A4-4534-8020-00BCF4163926}
	EndGlobalSection
EndGlobal
